// !$*UTF8*$!
{
	archiveVersion = 1;
	classes = {
	};
	objectVersion = 46;
	objects = {

/* Begin PBXBuildFile section */
		C25EBC941A32BF1700172A63 /* AppDelegate.swift in Sources */ = {isa = PBXBuildFile; fileRef = C25EBC931A32BF1700172A63 /* AppDelegate.swift */; };
		C25EBC961A32BF1700172A63 /* RecordSoundsViewController.swift in Sources */ = {isa = PBXBuildFile; fileRef = C25EBC951A32BF1700172A63 /* RecordSoundsViewController.swift */; };
		C25EBC991A32BF1700172A63 /* Main.storyboard in Resources */ = {isa = PBXBuildFile; fileRef = C25EBC971A32BF1700172A63 /* Main.storyboard */; };
		C25EBC9B1A32BF1700172A63 /* Images.xcassets in Resources */ = {isa = PBXBuildFile; fileRef = C25EBC9A1A32BF1700172A63 /* Images.xcassets */; };
		C25EBC9E1A32BF1700172A63 /* LaunchScreen.xib in Resources */ = {isa = PBXBuildFile; fileRef = C25EBC9C1A32BF1700172A63 /* LaunchScreen.xib */; };
		C25EBCAA1A32BF1700172A63 /* Pitch_PerfectTests.swift in Sources */ = {isa = PBXBuildFile; fileRef = C25EBCA91A32BF1700172A63 /* Pitch_PerfectTests.swift */; };
		C25EBCB41A33966A00172A63 /* PlaySoundsViewController.swift in Sources */ = {isa = PBXBuildFile; fileRef = C25EBCB31A33966A00172A63 /* PlaySoundsViewController.swift */; };
		C25EBCB81A33A4E500172A63 /* movie_quote.mp3 in Resources */ = {isa = PBXBuildFile; fileRef = C25EBCB71A33A4E500172A63 /* movie_quote.mp3 */; };
		C25EBCBA1A353B2400172A63 /* RecordedAudio.swift in Sources */ = {isa = PBXBuildFile; fileRef = C25EBCB91A353B2400172A63 /* RecordedAudio.swift */; };
/* End PBXBuildFile section */

/* Begin PBXContainerItemProxy section */
		C25EBCA41A32BF1700172A63 /* PBXContainerItemProxy */ = {
			isa = PBXContainerItemProxy;
			containerPortal = C25EBC861A32BF1700172A63 /* Project object */;
			proxyType = 1;
			remoteGlobalIDString = C25EBC8D1A32BF1700172A63;
			remoteInfo = "Pitch Perfect";
		};
/* End PBXContainerItemProxy section */

/* Begin PBXFileReference section */
		C25EBC8E1A32BF1700172A63 /* Pitch Perfect.app */ = {isa = PBXFileReference; explicitFileType = wrapper.application; includeInIndex = 0; path = "Pitch Perfect.app"; sourceTree = BUILT_PRODUCTS_DIR; };
		C25EBC921A32BF1700172A63 /* Info.plist */ = {isa = PBXFileReference; lastKnownFileType = text.plist.xml; path = Info.plist; sourceTree = "<group>"; };
		C25EBC931A32BF1700172A63 /* AppDelegate.swift */ = {isa = PBXFileReference; lastKnownFileType = sourcecode.swift; path = AppDelegate.swift; sourceTree = "<group>"; };
		C25EBC951A32BF1700172A63 /* RecordSoundsViewController.swift */ = {isa = PBXFileReference; lastKnownFileType = sourcecode.swift; path = RecordSoundsViewController.swift; sourceTree = "<group>"; };
		C25EBC981A32BF1700172A63 /* Base */ = {isa = PBXFileReference; lastKnownFileType = file.storyboard; name = Base; path = Base.lproj/Main.storyboard; sourceTree = "<group>"; };
		C25EBC9A1A32BF1700172A63 /* Images.xcassets */ = {isa = PBXFileReference; lastKnownFileType = folder.assetcatalog; path = Images.xcassets; sourceTree = "<group>"; };
		C25EBC9D1A32BF1700172A63 /* Base */ = {isa = PBXFileReference; lastKnownFileType = file.xib; name = Base; path = Base.lproj/LaunchScreen.xib; sourceTree = "<group>"; };
		C25EBCA31A32BF1700172A63 /* Pitch PerfectTests.xctest */ = {isa = PBXFileReference; explicitFileType = wrapper.cfbundle; includeInIndex = 0; path = "Pitch PerfectTests.xctest"; sourceTree = BUILT_PRODUCTS_DIR; };
		C25EBCA81A32BF1700172A63 /* Info.plist */ = {isa = PBXFileReference; lastKnownFileType = text.plist.xml; path = Info.plist; sourceTree = "<group>"; };
		C25EBCA91A32BF1700172A63 /* Pitch_PerfectTests.swift */ = {isa = PBXFileReference; lastKnownFileType = sourcecode.swift; path = Pitch_PerfectTests.swift; sourceTree = "<group>"; };
		C25EBCB31A33966A00172A63 /* PlaySoundsViewController.swift */ = {isa = PBXFileReference; fileEncoding = 4; lastKnownFileType = sourcecode.swift; path = PlaySoundsViewController.swift; sourceTree = "<group>"; };
		C25EBCB71A33A4E500172A63 /* movie_quote.mp3 */ = {isa = PBXFileReference; lastKnownFileType = audio.mp3; name = movie_quote.mp3; path = ../movie_quote.mp3; sourceTree = "<group>"; };
		C25EBCB91A353B2400172A63 /* RecordedAudio.swift */ = {isa = PBXFileReference; fileEncoding = 4; lastKnownFileType = sourcecode.swift; path = RecordedAudio.swift; sourceTree = "<group>"; };
/* End PBXFileReference section */

/* Begin PBXFrameworksBuildPhase section */
		C25EBC8B1A32BF1700172A63 /* Frameworks */ = {
			isa = PBXFrameworksBuildPhase;
			buildActionMask = 2147483647;
			files = (
			);
			runOnlyForDeploymentPostprocessing = 0;
		};
		C25EBCA01A32BF1700172A63 /* Frameworks */ = {
			isa = PBXFrameworksBuildPhase;
			buildActionMask = 2147483647;
			files = (
			);
			runOnlyForDeploymentPostprocessing = 0;
		};
/* End PBXFrameworksBuildPhase section */

/* Begin PBXGroup section */
		C25EBC851A32BF1700172A63 = {
			isa = PBXGroup;
			children = (
				C25EBC901A32BF1700172A63 /* Pitch Perfect */,
				C25EBCA61A32BF1700172A63 /* Pitch PerfectTests */,
				C25EBC8F1A32BF1700172A63 /* Products */,
			);
			sourceTree = "<group>";
		};
		C25EBC8F1A32BF1700172A63 /* Products */ = {
			isa = PBXGroup;
			children = (
				C25EBC8E1A32BF1700172A63 /* Pitch Perfect.app */,
				C25EBCA31A32BF1700172A63 /* Pitch PerfectTests.xctest */,
			);
			name = Products;
			sourceTree = "<group>";
		};
		C25EBC901A32BF1700172A63 /* Pitch Perfect */ = {
			isa = PBXGroup;
			children = (
				C25EBC931A32BF1700172A63 /* AppDelegate.swift */,
				C25EBC951A32BF1700172A63 /* RecordSoundsViewController.swift */,
				C25EBCB91A353B2400172A63 /* RecordedAudio.swift */,
				C25EBC971A32BF1700172A63 /* Main.storyboard */,
				C25EBCB31A33966A00172A63 /* PlaySoundsViewController.swift */,
				C25EBC9A1A32BF1700172A63 /* Images.xcassets */,
				C25EBC9C1A32BF1700172A63 /* LaunchScreen.xib */,
				C25EBC911A32BF1700172A63 /* Supporting Files */,
			);
			path = "Pitch Perfect";
			sourceTree = "<group>";
		};
		C25EBC911A32BF1700172A63 /* Supporting Files */ = {
			isa = PBXGroup;
			children = (
				C25EBCB71A33A4E500172A63 /* movie_quote.mp3 */,
				C25EBC921A32BF1700172A63 /* Info.plist */,
			);
			name = "Supporting Files";
			sourceTree = "<group>";
		};
		C25EBCA61A32BF1700172A63 /* Pitch PerfectTests */ = {
			isa = PBXGroup;
			children = (
				C25EBCA91A32BF1700172A63 /* Pitch_PerfectTests.swift */,
				C25EBCA71A32BF1700172A63 /* Supporting Files */,
			);
			path = "Pitch PerfectTests";
			sourceTree = "<group>";
		};
		C25EBCA71A32BF1700172A63 /* Supporting Files */ = {
			isa = PBXGroup;
			children = (
				C25EBCA81A32BF1700172A63 /* Info.plist */,
			);
			name = "Supporting Files";
			sourceTree = "<group>";
		};
/* End PBXGroup section */

/* Begin PBXNativeTarget section */
		C25EBC8D1A32BF1700172A63 /* Pitch Perfect */ = {
			isa = PBXNativeTarget;
			buildConfigurationList = C25EBCAD1A32BF1700172A63 /* Build configuration list for PBXNativeTarget "Pitch Perfect" */;
			buildPhases = (
				C25EBC8A1A32BF1700172A63 /* Sources */,
				C25EBC8B1A32BF1700172A63 /* Frameworks */,
				C25EBC8C1A32BF1700172A63 /* Resources */,
			);
			buildRules = (
			);
			dependencies = (
			);
			name = "Pitch Perfect";
			productName = "Pitch Perfect";
			productReference = C25EBC8E1A32BF1700172A63 /* Pitch Perfect.app */;
			productType = "com.apple.product-type.application";
		};
		C25EBCA21A32BF1700172A63 /* Pitch PerfectTests */ = {
			isa = PBXNativeTarget;
			buildConfigurationList = C25EBCB01A32BF1700172A63 /* Build configuration list for PBXNativeTarget "Pitch PerfectTests" */;
			buildPhases = (
				C25EBC9F1A32BF1700172A63 /* Sources */,
				C25EBCA01A32BF1700172A63 /* Frameworks */,
				C25EBCA11A32BF1700172A63 /* Resources */,
			);
			buildRules = (
			);
			dependencies = (
				C25EBCA51A32BF1700172A63 /* PBXTargetDependency */,
			);
			name = "Pitch PerfectTests";
			productName = "Pitch PerfectTests";
			productReference = C25EBCA31A32BF1700172A63 /* Pitch PerfectTests.xctest */;
			productType = "com.apple.product-type.bundle.unit-test";
		};
/* End PBXNativeTarget section */

/* Begin PBXProject section */
		C25EBC861A32BF1700172A63 /* Project object */ = {
			isa = PBXProject;
			attributes = {
				LastUpgradeCheck = 0610;
				ORGANIZATIONNAME = "Max Giraldo";
				TargetAttributes = {
					C25EBC8D1A32BF1700172A63 = {
						CreatedOnToolsVersion = 6.1.1;
					};
					C25EBCA21A32BF1700172A63 = {
						CreatedOnToolsVersion = 6.1.1;
						TestTargetID = C25EBC8D1A32BF1700172A63;
					};
				};
			};
			buildConfigurationList = C25EBC891A32BF1700172A63 /* Build configuration list for PBXProject "Pitch Perfect" */;
			compatibilityVersion = "Xcode 3.2";
			developmentRegion = English;
			hasScannedForEncodings = 0;
			knownRegions = (
				en,
				Base,
			);
			mainGroup = C25EBC851A32BF1700172A63;
			productRefGroup = C25EBC8F1A32BF1700172A63 /* Products */;
			projectDirPath = "";
			projectRoot = "";
			targets = (
				C25EBC8D1A32BF1700172A63 /* Pitch Perfect */,
				C25EBCA21A32BF1700172A63 /* Pitch PerfectTests */,
			);
		};
/* End PBXProject section */

/* Begin PBXResourcesBuildPhase section */
		C25EBC8C1A32BF1700172A63 /* Resources */ = {
			isa = PBXResourcesBuildPhase;
			buildActionMask = 2147483647;
			files = (
				C25EBC991A32BF1700172A63 /* Main.storyboard in Resources */,
				C25EBC9E1A32BF1700172A63 /* LaunchScreen.xib in Resources */,
				C25EBCB81A33A4E500172A63 /* movie_quote.mp3 in Resources */,
				C25EBC9B1A32BF1700172A63 /* Images.xcassets in Resources */,
			);
			runOnlyForDeploymentPostprocessing = 0;
		};
		C25EBCA11A32BF1700172A63 /* Resources */ = {
			isa = PBXResourcesBuildPhase;
			buildActionMask = 2147483647;
			files = (
			);
			runOnlyForDeploymentPostprocessing = 0;
		};
/* End PBXResourcesBuildPhase section */

/* Begin PBXSourcesBuildPhase section */
		C25EBC8A1A32BF1700172A63 /* Sources */ = {
			isa = PBXSourcesBuildPhase;
			buildActionMask = 2147483647;
			files = (
				C25EBCBA1A353B2400172A63 /* RecordedAudio.swift in Sources */,
				C25EBC961A32BF1700172A63 /* RecordSoundsViewController.swift in Sources */,
				C25EBCB41A33966A00172A63 /* PlaySoundsViewController.swift in Sources */,
				C25EBC941A32BF1700172A63 /* AppDelegate.swift in Sources */,
			);
			runOnlyForDeploymentPostprocessing = 0;
		};
		C25EBC9F1A32BF1700172A63 /* Sources */ = {
			isa = PBXSourcesBuildPhase;
			buildActionMask = 2147483647;
			files = (
				C25EBCAA1A32BF1700172A63 /* Pitch_PerfectTests.swift in Sources */,
			);
			runOnlyForDeploymentPostprocessing = 0;
		};
/* End PBXSourcesBuildPhase section */

/* Begin PBXTargetDependency section */
		C25EBCA51A32BF1700172A63 /* PBXTargetDependency */ = {
			isa = PBXTargetDependency;
			target = C25EBC8D1A32BF1700172A63 /* Pitch Perfect */;
			targetProxy = C25EBCA41A32BF1700172A63 /* PBXContainerItemProxy */;
		};
/* End PBXTargetDependency section */

/* Begin PBXVariantGroup section */
		C25EBC971A32BF1700172A63 /* Main.storyboard */ = {
			isa = PBXVariantGroup;
			children = (
				C25EBC981A32BF1700172A63 /* Base */,
			);
			name = Main.storyboard;
			sourceTree = "<group>";
		};
		C25EBC9C1A32BF1700172A63 /* LaunchScreen.xib */ = {
			isa = PBXVariantGroup;
			children = (
				C25EBC9D1A32BF1700172A63 /* Base */,
			);
			name = LaunchScreen.xib;
			sourceTree = "<group>";
		};
/* End PBXVariantGroup section */

/* Begin XCBuildConfiguration section */
		C25EBCAB1A32BF1700172A63 /* Debug */ = {
			isa = XCBuildConfiguration;
			buildSettings = {
				ALWAYS_SEARCH_USER_PATHS = NO;
				CLANG_CXX_LANGUAGE_STANDARD = "gnu++0x";
				CLANG_CXX_LIBRARY = "libc++";
				CLANG_ENABLE_MODULES = YES;
				CLANG_ENABLE_OBJC_ARC = YES;
				CLANG_WARN_BOOL_CONVERSION = YES;
				CLANG_WARN_CONSTANT_CONVERSION = YES;
				CLANG_WARN_DIRECT_OBJC_ISA_USAGE = YES_ERROR;
				CLANG_WARN_EMPTY_BODY = YES;
				CLANG_WARN_ENUM_CONVERSION = YES;
				CLANG_WARN_INT_CONVERSION = YES;
				CLANG_WARN_OBJC_ROOT_CLASS = YES_ERROR;
				CLANG_WARN_UNREACHABLE_CODE = YES;
				CLANG_WARN__DUPLICATE_METHOD_MATCH = YES;
				"CODE_SIGN_IDENTITY[sdk=iphoneos*]" = "iPhone Developer";
				COPY_PHASE_STRIP = NO;
				ENABLE_STRICT_OBJC_MSGSEND = YES;
				GCC_C_LANGUAGE_STANDARD = gnu99;
				GCC_DYNAMIC_NO_PIC = NO;
				GCC_OPTIMIZATION_LEVEL = 0;
				GCC_PREPROCESSOR_DEFINITIONS = (
					"DEBUG=1",
					"$(inherited)",
				);
				GCC_SYMBOLS_PRIVATE_EXTERN = NO;
				GCC_WARN_64_TO_32_BIT_CONVERSION = YES;
				GCC_WARN_ABOUT_RETURN_TYPE = YES_ERROR;
				GCC_WARN_UNDECLARED_SELECTOR = YES;
				GCC_WARN_UNINITIALIZED_AUTOS = YES_AGGRESSIVE;
				GCC_WARN_UNUSED_FUNCTION = YES;
				GCC_WARN_UNUSED_VARIABLE = YES;
				IPHONEOS_DEPLOYMENT_TARGET = 8.1;
				MTL_ENABLE_DEBUG_INFO = YES;
				ONLY_ACTIVE_ARCH = YES;
				SDKROOT = iphoneos;
				SWIFT_OPTIMIZATION_LEVEL = "-Onone";
			};
			name = Debug;
		};
		C25EBCAC1A32BF1700172A63 /* Release */ = {
			isa = XCBuildConfiguration;
			buildSettings = {
				ALWAYS_SEARCH_USER_PATHS = NO;
				CLANG_CXX_LANGUAGE_STANDARD = "gnu++0x";
				CLANG_CXX_LIBRARY = "libc++";
				CLANG_ENABLE_MODULES = YES;
				CLANG_ENABLE_OBJC_ARC = YES;
				CLANG_WARN_BOOL_CONVERSION = YES;
				CLANG_WARN_CONSTANT_CONVERSION = YES;
				CLANG_WARN_DIRECT_OBJC_ISA_USAGE = YES_ERROR;
				CLANG_WARN_EMPTY_BODY = YES;
				CLANG_WARN_ENUM_CONVERSION = YES;
				CLANG_WARN_INT_CONVERSION = YES;
				CLANG_WARN_OBJC_ROOT_CLASS = YES_ERROR;
				CLANG_WARN_UNREACHABLE_CODE = YES;
				CLANG_WARN__DUPLICATE_METHOD_MATCH = YES;
				"CODE_SIGN_IDENTITY[sdk=iphoneos*]" = "iPhone Developer";
				COPY_PHASE_STRIP = YES;
				ENABLE_NS_ASSERTIONS = NO;
				ENABLE_STRICT_OBJC_MSGSEND = YES;
				GCC_C_LANGUAGE_STANDARD = gnu99;
				GCC_WARN_64_TO_32_BIT_CONVERSION = YES;
				GCC_WARN_ABOUT_RETURN_TYPE = YES_ERROR;
				GCC_WARN_UNDECLARED_SELECTOR = YES;
				GCC_WARN_UNINITIALIZED_AUTOS = YES_AGGRESSIVE;
				GCC_WARN_UNUSED_FUNCTION = YES;
				GCC_WARN_UNUSED_VARIABLE = YES;
				IPHONEOS_DEPLOYMENT_TARGET = 8.1;
				MTL_ENABLE_DEBUG_INFO = NO;
				SDKROOT = iphoneos;
				VALIDATE_PRODUCT = YES;
			};
			name = Release;
		};
		C25EBCAE1A32BF1700172A63 /* Debug */ = {
			isa = XCBuildConfiguration;
			buildSettings = {
				ASSETCATALOG_COMPILER_APPICON_NAME = AppIcon;
				INFOPLIST_FILE = "Pitch Perfect/Info.plist";
				LD_RUNPATH_SEARCH_PATHS = "$(inherited) @executable_path/Frameworks";
				PRODUCT_NAME = "$(TARGET_NAME)";
			};
			name = Debug;
		};
		C25EBCAF1A32BF1700172A63 /* Release */ = {
			isa = XCBuildConfiguration;
			buildSettings = {
				ASSETCATALOG_COMPILER_APPICON_NAME = AppIcon;
				INFOPLIST_FILE = "Pitch Perfect/Info.plist";
				LD_RUNPATH_SEARCH_PATHS = "$(inherited) @executable_path/Frameworks";
				PRODUCT_NAME = "$(TARGET_NAME)";
			};
			name = Release;
		};
		C25EBCB11A32BF1700172A63 /* Debug */ = {
			isa = XCBuildConfiguration;
			buildSettings = {
				BUNDLE_LOADER = "$(TEST_HOST)";
				FRAMEWORK_SEARCH_PATHS = (
					"$(SDKROOT)/Developer/Library/Frameworks",
					"$(inherited)",
				);
				GCC_PREPROCESSOR_DEFINITIONS = (
					"DEBUG=1",
					"$(inherited)",
				);
				INFOPLIST_FILE = "Pitch PerfectTests/Info.plist";
				LD_RUNPATH_SEARCH_PATHS = "$(inherited) @executable_path/Frameworks @loader_path/Frameworks";
				PRODUCT_NAME = "$(TARGET_NAME)";
				TEST_HOST = "$(BUILT_PRODUCTS_DIR)/Pitch Perfect.app/Pitch Perfect";
			};
			name = Debug;
		};
		C25EBCB21A32BF1700172A63 /* Release */ = {
			isa = XCBuildConfiguration;
			buildSettings = {
				BUNDLE_LOADER = "$(TEST_HOST)";
				FRAMEWORK_SEARCH_PATHS = (
					"$(SDKROOT)/Developer/Library/Frameworks",
					"$(inherited)",
				);
				INFOPLIST_FILE = "Pitch PerfectTests/Info.plist";
				LD_RUNPATH_SEARCH_PATHS = "$(inherited) @executable_path/Frameworks @loader_path/Frameworks";
				PRODUCT_NAME = "$(TARGET_NAME)";
				TEST_HOST = "$(BUILT_PRODUCTS_DIR)/Pitch Perfect.app/Pitch Perfect";
			};
			name = Release;
		};
/* End XCBuildConfiguration section */

/* Begin XCConfigurationList section */
		C25EBC891A32BF1700172A63 /* Build configuration list for PBXProject "Pitch Perfect" */ = {
			isa = XCConfigurationList;
			buildConfigurations = (
				C25EBCAB1A32BF1700172A63 /* Debug */,
				C25EBCAC1A32BF1700172A63 /* Release */,
			);
			defaultConfigurationIsVisible = 0;
			defaultConfigurationName = Release;
		};
		C25EBCAD1A32BF1700172A63 /* Build configuration list for PBXNativeTarget "Pitch Perfect" */ = {
			isa = XCConfigurationList;
			buildConfigurations = (
				C25EBCAE1A32BF1700172A63 /* Debug */,
				C25EBCAF1A32BF1700172A63 /* Release */,
			);
			defaultConfigurationIsVisible = 0;
		};
		C25EBCB01A32BF1700172A63 /* Build configuration list for PBXNativeTarget "Pitch PerfectTests" */ = {
			isa = XCConfigurationList;
			buildConfigurations = (
				C25EBCB11A32BF1700172A63 /* Debug */,
				C25EBCB21A32BF1700172A63 /* Release */,
			);
			defaultConfigurationIsVisible = 0;
		};
/* End XCConfigurationList section */
	};
	rootObject = C25EBC861A32BF1700172A63 /* Project object */;
}
